
Microsoft Visual Studio Solution File, Format Version 12.00
# Visual Studio Version 16
VisualStudioVersion = 16.0.30503.244
MinimumVisualStudioVersion = 10.0.40219.1
Project("{FAE04EC0-301F-11D3-BF4B-00C04F79EFBC}") = "PRAKTIKA3", "PRAKTIKA3\PRAKTIKA3.csproj", "{E89A35ED-AD2A-46E0-B59C-9B93FB3A1D80}"
EndProject
Global
	GlobalSection(SolutionConfigurationPlatforms) = preSolution
		Debug|Any CPU = Debug|Any CPU
		Release|Any CPU = Release|Any CPU
	EndGlobalSection
	GlobalSection(ProjectConfigurationPlatforms) = postSolution
		{E89A35ED-AD2A-46E0-B59C-9B93FB3A1D80}.Debug|Any CPU.ActiveCfg = Debug|Any CPU
		{E89A35ED-AD2A-46E0-B59C-9B93FB3A1D80}.Debug|Any CPU.Build.0 = Debug|Any CPU
		{E89A35ED-AD2A-46E0-B59C-9B93FB3A1D80}.Release|Any CPU.ActiveCfg = Release|Any CPU
		{E89A35ED-AD2A-46E0-B59C-9B93FB3A1D80}.Release|Any CPU.Build.0 = Release|Any CPU
	EndGlobalSection
	GlobalSection(SolutionProperties) = preSolution
		HideSolutionNode = FALSE
	EndGlobalSection
	GlobalSection(ExtensibilityGlobals) = postSolution
		SolutionGuid = {20A17237-EDD8-468E-B770-DA98BA1B2B7B}
	EndGlobalSection
EndGlobal
